
Microsoft Visual Studio Solution File, Format Version 12.00
# Visual Studio 15
VisualStudioVersion = 15.0.28010.2046
MinimumVisualStudioVersion = 10.0.40219.1
Project("{FAE04EC0-301F-11D3-BF4B-00C04F79EFBC}") = "Prototipos", "Prototipos\Prototipos.csproj", "{DBA4D3FA-59E4-4ADC-A023-1AD96AD3E049}"
EndProject
Global
	GlobalSection(SolutionConfigurationPlatforms) = preSolution
		Debug|Any CPU = Debug|Any CPU
		Release|Any CPU = Release|Any CPU
	EndGlobalSection
	GlobalSection(ProjectConfigurationPlatforms) = postSolution
		{DBA4D3FA-59E4-4ADC-A023-1AD96AD3E049}.Debug|Any CPU.ActiveCfg = Debug|Any CPU
		{DBA4D3FA-59E4-4ADC-A023-1AD96AD3E049}.Debug|Any CPU.Build.0 = Debug|Any CPU
		{DBA4D3FA-59E4-4ADC-A023-1AD96AD3E049}.Release|Any CPU.ActiveCfg = Release|Any CPU
		{DBA4D3FA-59E4-4ADC-A023-1AD96AD3E049}.Release|Any CPU.Build.0 = Release|Any CPU
	EndGlobalSection
	GlobalSection(SolutionProperties) = preSolution
		HideSolutionNode = FALSE
	EndGlobalSection
	GlobalSection(ExtensibilityGlobals) = postSolution
		SolutionGuid = {C9C684A5-92FE-45A9-8F13-207DE5A66BE7}
	EndGlobalSection
EndGlobal
